// !$*UTF8*$!
{
	archiveVersion = 1;
	classes = {
	};
	objectVersion = 46;
	objects = {

/* Begin PBXBuildFile section */
		A476AF101F983FD300942126 /* main.m in Sources */ = {isa = PBXBuildFile; fileRef = A476AF0F1F983FD300942126 /* main.m */; };
		A476AF131F983FD300942126 /* AppDelegate.m in Sources */ = {isa = PBXBuildFile; fileRef = A476AF121F983FD300942126 /* AppDelegate.m */; };
		A476AF161F983FD300942126 /* ViewController.m in Sources */ = {isa = PBXBuildFile; fileRef = A476AF151F983FD300942126 /* ViewController.m */; };
		A476AF191F983FD300942126 /* Main.storyboard in Resources */ = {isa = PBXBuildFile; fileRef = A476AF171F983FD300942126 /* Main.storyboard */; };
		A476AF1B1F983FD300942126 /* Assets.xcassets in Resources */ = {isa = PBXBuildFile; fileRef = A476AF1A1F983FD300942126 /* Assets.xcassets */; };
		A476AF1E1F983FD300942126 /* LaunchScreen.storyboard in Resources */ = {isa = PBXBuildFile; fileRef = A476AF1C1F983FD300942126 /* LaunchScreen.storyboard */; };
		A476AF291F983FD300942126 /* ____Tests.m in Sources */ = {isa = PBXBuildFile; fileRef = A476AF281F983FD300942126 /* ____Tests.m */; };
		A476AF341F983FD300942126 /* ____UITests.m in Sources */ = {isa = PBXBuildFile; fileRef = A476AF331F983FD300942126 /* ____UITests.m */; };
		A476AF441F9840A900942126 /* CoreBluetoothViewController.m in Sources */ = {isa = PBXBuildFile; fileRef = A476AF421F9840A900942126 /* CoreBluetoothViewController.m */; };
		A476AF451F9840A900942126 /* CoreBluetoothViewController.xib in Resources */ = {isa = PBXBuildFile; fileRef = A476AF431F9840A900942126 /* CoreBluetoothViewController.xib */; };
/* End PBXBuildFile section */

/* Begin PBXContainerItemProxy section */
		A476AF251F983FD300942126 /* PBXContainerItemProxy */ = {
			isa = PBXContainerItemProxy;
			containerPortal = A476AF031F983FD300942126 /* Project object */;
			proxyType = 1;
			remoteGlobalIDString = A476AF0A1F983FD300942126;
			remoteInfo = "蓝牙技术";
		};
		A476AF301F983FD300942126 /* PBXContainerItemProxy */ = {
			isa = PBXContainerItemProxy;
			containerPortal = A476AF031F983FD300942126 /* Project object */;
			proxyType = 1;
			remoteGlobalIDString = A476AF0A1F983FD300942126;
			remoteInfo = "蓝牙技术";
		};
/* End PBXContainerItemProxy section */

/* Begin PBXFileReference section */
		A476AF0B1F983FD300942126 /* 蓝牙技术.app */ = {isa = PBXFileReference; explicitFileType = wrapper.application; includeInIndex = 0; path = "蓝牙技术.app"; sourceTree = BUILT_PRODUCTS_DIR; };
		A476AF0F1F983FD300942126 /* main.m */ = {isa = PBXFileReference; lastKnownFileType = sourcecode.c.objc; path = main.m; sourceTree = "<group>"; };
		A476AF111F983FD300942126 /* AppDelegate.h */ = {isa = PBXFileReference; lastKnownFileType = sourcecode.c.h; path = AppDelegate.h; sourceTree = "<group>"; };
		A476AF121F983FD300942126 /* AppDelegate.m */ = {isa = PBXFileReference; lastKnownFileType = sourcecode.c.objc; path = AppDelegate.m; sourceTree = "<group>"; };
		A476AF141F983FD300942126 /* ViewController.h */ = {isa = PBXFileReference; lastKnownFileType = sourcecode.c.h; path = ViewController.h; sourceTree = "<group>"; };
		A476AF151F983FD300942126 /* ViewController.m */ = {isa = PBXFileReference; lastKnownFileType = sourcecode.c.objc; path = ViewController.m; sourceTree = "<group>"; };
		A476AF181F983FD300942126 /* Base */ = {isa = PBXFileReference; lastKnownFileType = file.storyboard; name = Base; path = Base.lproj/Main.storyboard; sourceTree = "<group>"; };
		A476AF1A1F983FD300942126 /* Assets.xcassets */ = {isa = PBXFileReference; lastKnownFileType = folder.assetcatalog; path = Assets.xcassets; sourceTree = "<group>"; };
		A476AF1D1F983FD300942126 /* Base */ = {isa = PBXFileReference; lastKnownFileType = file.storyboard; name = Base; path = Base.lproj/LaunchScreen.storyboard; sourceTree = "<group>"; };
		A476AF1F1F983FD300942126 /* Info.plist */ = {isa = PBXFileReference; lastKnownFileType = text.plist.xml; path = Info.plist; sourceTree = "<group>"; };
		A476AF241F983FD300942126 /* 蓝牙技术Tests.xctest */ = {isa = PBXFileReference; explicitFileType = wrapper.cfbundle; includeInIndex = 0; path = "蓝牙技术Tests.xctest"; sourceTree = BUILT_PRODUCTS_DIR; };
		A476AF281F983FD300942126 /* ____Tests.m */ = {isa = PBXFileReference; lastKnownFileType = sourcecode.c.objc; path = "____Tests.m"; sourceTree = "<group>"; };
		A476AF2A1F983FD300942126 /* Info.plist */ = {isa = PBXFileReference; lastKnownFileType = text.plist.xml; path = Info.plist; sourceTree = "<group>"; };
		A476AF2F1F983FD300942126 /* 蓝牙技术UITests.xctest */ = {isa = PBXFileReference; explicitFileType = wrapper.cfbundle; includeInIndex = 0; path = "蓝牙技术UITests.xctest"; sourceTree = BUILT_PRODUCTS_DIR; };
		A476AF331F983FD300942126 /* ____UITests.m */ = {isa = PBXFileReference; lastKnownFileType = sourcecode.c.objc; path = "____UITests.m"; sourceTree = "<group>"; };
		A476AF351F983FD300942126 /* Info.plist */ = {isa = PBXFileReference; lastKnownFileType = text.plist.xml; path = Info.plist; sourceTree = "<group>"; };
		A476AF411F9840A900942126 /* CoreBluetoothViewController.h */ = {isa = PBXFileReference; fileEncoding = 4; lastKnownFileType = sourcecode.c.h; path = CoreBluetoothViewController.h; sourceTree = "<group>"; };
		A476AF421F9840A900942126 /* CoreBluetoothViewController.m */ = {isa = PBXFileReference; fileEncoding = 4; lastKnownFileType = sourcecode.c.objc; path = CoreBluetoothViewController.m; sourceTree = "<group>"; };
		A476AF431F9840A900942126 /* CoreBluetoothViewController.xib */ = {isa = PBXFileReference; fileEncoding = 4; lastKnownFileType = file.xib; path = CoreBluetoothViewController.xib; sourceTree = "<group>"; };
/* End PBXFileReference section */

/* Begin PBXFrameworksBuildPhase section */
		A476AF081F983FD300942126 /* Frameworks */ = {
			isa = PBXFrameworksBuildPhase;
			buildActionMask = 2147483647;
			files = (
			);
			runOnlyForDeploymentPostprocessing = 0;
		};
		A476AF211F983FD300942126 /* Frameworks */ = {
			isa = PBXFrameworksBuildPhase;
			buildActionMask = 2147483647;
			files = (
			);
			runOnlyForDeploymentPostprocessing = 0;
		};
		A476AF2C1F983FD300942126 /* Frameworks */ = {
			isa = PBXFrameworksBuildPhase;
			buildActionMask = 2147483647;
			files = (
			);
			runOnlyForDeploymentPostprocessing = 0;
		};
/* End PBXFrameworksBuildPhase section */

/* Begin PBXGroup section */
		A476AF021F983FD300942126 = {
			isa = PBXGroup;
			children = (
				A476AF0D1F983FD300942126 /* 蓝牙技术 */,
				A476AF271F983FD300942126 /* 蓝牙技术Tests */,
				A476AF321F983FD300942126 /* 蓝牙技术UITests */,
				A476AF0C1F983FD300942126 /* Products */,
			);
			sourceTree = "<group>";
		};
		A476AF0C1F983FD300942126 /* Products */ = {
			isa = PBXGroup;
			children = (
				A476AF0B1F983FD300942126 /* 蓝牙技术.app */,
				A476AF241F983FD300942126 /* 蓝牙技术Tests.xctest */,
				A476AF2F1F983FD300942126 /* 蓝牙技术UITests.xctest */,
			);
			name = Products;
			sourceTree = "<group>";
		};
		A476AF0D1F983FD300942126 /* 蓝牙技术 */ = {
			isa = PBXGroup;
			children = (
				A476AF411F9840A900942126 /* CoreBluetoothViewController.h */,
				A476AF421F9840A900942126 /* CoreBluetoothViewController.m */,
				A476AF431F9840A900942126 /* CoreBluetoothViewController.xib */,
				A476AF111F983FD300942126 /* AppDelegate.h */,
				A476AF121F983FD300942126 /* AppDelegate.m */,
				A476AF141F983FD300942126 /* ViewController.h */,
				A476AF151F983FD300942126 /* ViewController.m */,
				A476AF171F983FD300942126 /* Main.storyboard */,
				A476AF1A1F983FD300942126 /* Assets.xcassets */,
				A476AF1C1F983FD300942126 /* LaunchScreen.storyboard */,
				A476AF1F1F983FD300942126 /* Info.plist */,
				A476AF0E1F983FD300942126 /* Supporting Files */,
			);
			path = "蓝牙技术";
			sourceTree = "<group>";
		};
		A476AF0E1F983FD300942126 /* Supporting Files */ = {
			isa = PBXGroup;
			children = (
				A476AF0F1F983FD300942126 /* main.m */,
			);
			name = "Supporting Files";
			sourceTree = "<group>";
		};
		A476AF271F983FD300942126 /* 蓝牙技术Tests */ = {
			isa = PBXGroup;
			children = (
				A476AF281F983FD300942126 /* ____Tests.m */,
				A476AF2A1F983FD300942126 /* Info.plist */,
			);
			path = "蓝牙技术Tests";
			sourceTree = "<group>";
		};
		A476AF321F983FD300942126 /* 蓝牙技术UITests */ = {
			isa = PBXGroup;
			children = (
				A476AF331F983FD300942126 /* ____UITests.m */,
				A476AF351F983FD300942126 /* Info.plist */,
			);
			path = "蓝牙技术UITests";
			sourceTree = "<group>";
		};
/* End PBXGroup section */

/* Begin PBXNativeTarget section */
		A476AF0A1F983FD300942126 /* 蓝牙技术 */ = {
			isa = PBXNativeTarget;
			buildConfigurationList = A476AF381F983FD300942126 /* Build configuration list for PBXNativeTarget "蓝牙技术" */;
			buildPhases = (
				A476AF071F983FD300942126 /* Sources */,
				A476AF081F983FD300942126 /* Frameworks */,
				A476AF091F983FD300942126 /* Resources */,
			);
			buildRules = (
			);
			dependencies = (
			);
			name = "蓝牙技术";
			productName = "蓝牙技术";
			productReference = A476AF0B1F983FD300942126 /* 蓝牙技术.app */;
			productType = "com.apple.product-type.application";
		};
		A476AF231F983FD300942126 /* 蓝牙技术Tests */ = {
			isa = PBXNativeTarget;
			buildConfigurationList = A476AF3B1F983FD300942126 /* Build configuration list for PBXNativeTarget "蓝牙技术Tests" */;
			buildPhases = (
				A476AF201F983FD300942126 /* Sources */,
				A476AF211F983FD300942126 /* Frameworks */,
				A476AF221F983FD300942126 /* Resources */,
			);
			buildRules = (
			);
			dependencies = (
				A476AF261F983FD300942126 /* PBXTargetDependency */,
			);
			name = "蓝牙技术Tests";
			productName = "蓝牙技术Tests";
			productReference = A476AF241F983FD300942126 /* 蓝牙技术Tests.xctest */;
			productType = "com.apple.product-type.bundle.unit-test";
		};
		A476AF2E1F983FD300942126 /* 蓝牙技术UITests */ = {
			isa = PBXNativeTarget;
			buildConfigurationList = A476AF3E1F983FD300942126 /* Build configuration list for PBXNativeTarget "蓝牙技术UITests" */;
			buildPhases = (
				A476AF2B1F983FD300942126 /* Sources */,
				A476AF2C1F983FD300942126 /* Frameworks */,
				A476AF2D1F983FD300942126 /* Resources */,
			);
			buildRules = (
			);
			dependencies = (
				A476AF311F983FD300942126 /* PBXTargetDependency */,
			);
			name = "蓝牙技术UITests";
			productName = "蓝牙技术UITests";
			productReference = A476AF2F1F983FD300942126 /* 蓝牙技术UITests.xctest */;
			productType = "com.apple.product-type.bundle.ui-testing";
		};
/* End PBXNativeTarget section */

/* Begin PBXProject section */
		A476AF031F983FD300942126 /* Project object */ = {
			isa = PBXProject;
			attributes = {
				LastUpgradeCheck = 0830;
				ORGANIZATIONNAME = "谭彪";
				TargetAttributes = {
					A476AF0A1F983FD300942126 = {
						CreatedOnToolsVersion = 8.3.3;
						DevelopmentTeam = W8ZBWMZ89E;
						ProvisioningStyle = Automatic;
					};
					A476AF231F983FD300942126 = {
						CreatedOnToolsVersion = 8.3.3;
						ProvisioningStyle = Automatic;
						TestTargetID = A476AF0A1F983FD300942126;
					};
					A476AF2E1F983FD300942126 = {
						CreatedOnToolsVersion = 8.3.3;
						ProvisioningStyle = Automatic;
						TestTargetID = A476AF0A1F983FD300942126;
					};
				};
			};
			buildConfigurationList = A476AF061F983FD300942126 /* Build configuration list for PBXProject "蓝牙技术" */;
			compatibilityVersion = "Xcode 3.2";
			developmentRegion = English;
			hasScannedForEncodings = 0;
			knownRegions = (
				en,
				Base,
			);
			mainGroup = A476AF021F983FD300942126;
			productRefGroup = A476AF0C1F983FD300942126 /* Products */;
			projectDirPath = "";
			projectRoot = "";
			targets = (
				A476AF0A1F983FD300942126 /* 蓝牙技术 */,
				A476AF231F983FD300942126 /* 蓝牙技术Tests */,
				A476AF2E1F983FD300942126 /* 蓝牙技术UITests */,
			);
		};
/* End PBXProject section */

/* Begin PBXResourcesBuildPhase section */
		A476AF091F983FD300942126 /* Resources */ = {
			isa = PBXResourcesBuildPhase;
			buildActionMask = 2147483647;
			files = (
				A476AF1E1F983FD300942126 /* LaunchScreen.storyboard in Resources */,
				A476AF1B1F983FD300942126 /* Assets.xcassets in Resources */,
				A476AF451F9840A900942126 /* CoreBluetoothViewController.xib in Resources */,
				A476AF191F983FD300942126 /* Main.storyboard in Resources */,
			);
			runOnlyForDeploymentPostprocessing = 0;
		};
		A476AF221F983FD300942126 /* Resources */ = {
			isa = PBXResourcesBuildPhase;
			buildActionMask = 2147483647;
			files = (
			);
			runOnlyForDeploymentPostprocessing = 0;
		};
		A476AF2D1F983FD300942126 /* Resources */ = {
			isa = PBXResourcesBuildPhase;
			buildActionMask = 2147483647;
			files = (
			);
			runOnlyForDeploymentPostprocessing = 0;
		};
/* End PBXResourcesBuildPhase section */

/* Begin PBXSourcesBuildPhase section */
		A476AF071F983FD300942126 /* Sources */ = {
			isa = PBXSourcesBuildPhase;
			buildActionMask = 2147483647;
			files = (
				A476AF161F983FD300942126 /* ViewController.m in Sources */,
				A476AF131F983FD300942126 /* AppDelegate.m in Sources */,
				A476AF441F9840A900942126 /* CoreBluetoothViewController.m in Sources */,
				A476AF101F983FD300942126 /* main.m in Sources */,
			);
			runOnlyForDeploymentPostprocessing = 0;
		};
		A476AF201F983FD300942126 /* Sources */ = {
			isa = PBXSourcesBuildPhase;
			buildActionMask = 2147483647;
			files = (
				A476AF291F983FD300942126 /* ____Tests.m in Sources */,
			);
			runOnlyForDeploymentPostprocessing = 0;
		};
		A476AF2B1F983FD300942126 /* Sources */ = {
			isa = PBXSourcesBuildPhase;
			buildActionMask = 2147483647;
			files = (
				A476AF341F983FD300942126 /* ____UITests.m in Sources */,
			);
			runOnlyForDeploymentPostprocessing = 0;
		};
/* End PBXSourcesBuildPhase section */

/* Begin PBXTargetDependency section */
		A476AF261F983FD300942126 /* PBXTargetDependency */ = {
			isa = PBXTargetDependency;
			target = A476AF0A1F983FD300942126 /* 蓝牙技术 */;
			targetProxy = A476AF251F983FD300942126 /* PBXContainerItemProxy */;
		};
		A476AF311F983FD300942126 /* PBXTargetDependency */ = {
			isa = PBXTargetDependency;
			target = A476AF0A1F983FD300942126 /* 蓝牙技术 */;
			targetProxy = A476AF301F983FD300942126 /* PBXContainerItemProxy */;
		};
/* End PBXTargetDependency section */

/* Begin PBXVariantGroup section */
		A476AF171F983FD300942126 /* Main.storyboard */ = {
			isa = PBXVariantGroup;
			children = (
				A476AF181F983FD300942126 /* Base */,
			);
			name = Main.storyboard;
			sourceTree = "<group>";
		};
		A476AF1C1F983FD300942126 /* LaunchScreen.storyboard */ = {
			isa = PBXVariantGroup;
			children = (
				A476AF1D1F983FD300942126 /* Base */,
			);
			name = LaunchScreen.storyboard;
			sourceTree = "<group>";
		};
/* End PBXVariantGroup section */

/* Begin XCBuildConfiguration section */
		A476AF361F983FD300942126 /* Debug */ = {
			isa = XCBuildConfiguration;
			buildSettings = {
				ALWAYS_SEARCH_USER_PATHS = NO;
				CLANG_ANALYZER_NONNULL = YES;
				CLANG_ANALYZER_NUMBER_OBJECT_CONVERSION = YES_AGGRESSIVE;
				CLANG_CXX_LANGUAGE_STANDARD = "gnu++0x";
				CLANG_CXX_LIBRARY = "libc++";
				CLANG_ENABLE_MODULES = YES;
				CLANG_ENABLE_OBJC_ARC = YES;
				CLANG_WARN_BOOL_CONVERSION = YES;
				CLANG_WARN_CONSTANT_CONVERSION = YES;
				CLANG_WARN_DIRECT_OBJC_ISA_USAGE = YES_ERROR;
				CLANG_WARN_DOCUMENTATION_COMMENTS = YES;
				CLANG_WARN_EMPTY_BODY = YES;
				CLANG_WARN_ENUM_CONVERSION = YES;
				CLANG_WARN_INFINITE_RECURSION = YES;
				CLANG_WARN_INT_CONVERSION = YES;
				CLANG_WARN_OBJC_ROOT_CLASS = YES_ERROR;
				CLANG_WARN_SUSPICIOUS_MOVE = YES;
				CLANG_WARN_UNREACHABLE_CODE = YES;
				CLANG_WARN__DUPLICATE_METHOD_MATCH = YES;
				"CODE_SIGN_IDENTITY[sdk=iphoneos*]" = "iPhone Developer";
				COPY_PHASE_STRIP = NO;
				DEBUG_INFORMATION_FORMAT = dwarf;
				ENABLE_STRICT_OBJC_MSGSEND = YES;
				ENABLE_TESTABILITY = YES;
				GCC_C_LANGUAGE_STANDARD = gnu99;
				GCC_DYNAMIC_NO_PIC = NO;
				GCC_NO_COMMON_BLOCKS = YES;
				GCC_OPTIMIZATION_LEVEL = 0;
				GCC_PREPROCESSOR_DEFINITIONS = (
					"DEBUG=1",
					"$(inherited)",
				);
				GCC_WARN_64_TO_32_BIT_CONVERSION = YES;
				GCC_WARN_ABOUT_RETURN_TYPE = YES_ERROR;
				GCC_WARN_UNDECLARED_SELECTOR = YES;
				GCC_WARN_UNINITIALIZED_AUTOS = YES_AGGRESSIVE;
				GCC_WARN_UNUSED_FUNCTION = YES;
				GCC_WARN_UNUSED_VARIABLE = YES;
				IPHONEOS_DEPLOYMENT_TARGET = 10.3;
				MTL_ENABLE_DEBUG_INFO = YES;
				ONLY_ACTIVE_ARCH = YES;
				SDKROOT = iphoneos;
				TARGETED_DEVICE_FAMILY = "1,2";
			};
			name = Debug;
		};
		A476AF371F983FD300942126 /* Release */ = {
			isa = XCBuildConfiguration;
			buildSettings = {
				ALWAYS_SEARCH_USER_PATHS = NO;
				CLANG_ANALYZER_NONNULL = YES;
				CLANG_ANALYZER_NUMBER_OBJECT_CONVERSION = YES_AGGRESSIVE;
				CLANG_CXX_LANGUAGE_STANDARD = "gnu++0x";
				CLANG_CXX_LIBRARY = "libc++";
				CLANG_ENABLE_MODULES = YES;
				CLANG_ENABLE_OBJC_ARC = YES;
				CLANG_WARN_BOOL_CONVERSION = YES;
				CLANG_WARN_CONSTANT_CONVERSION = YES;
				CLANG_WARN_DIRECT_OBJC_ISA_USAGE = YES_ERROR;
				CLANG_WARN_DOCUMENTATION_COMMENTS = YES;
				CLANG_WARN_EMPTY_BODY = YES;
				CLANG_WARN_ENUM_CONVERSION = YES;
				CLANG_WARN_INFINITE_RECURSION = YES;
				CLANG_WARN_INT_CONVERSION = YES;
				CLANG_WARN_OBJC_ROOT_CLASS = YES_ERROR;
				CLANG_WARN_SUSPICIOUS_MOVE = YES;
				CLANG_WARN_UNREACHABLE_CODE = YES;
				CLANG_WARN__DUPLICATE_METHOD_MATCH = YES;
				"CODE_SIGN_IDENTITY[sdk=iphoneos*]" = "iPhone Developer";
				COPY_PHASE_STRIP = NO;
				DEBUG_INFORMATION_FORMAT = "dwarf-with-dsym";
				ENABLE_NS_ASSERTIONS = NO;
				ENABLE_STRICT_OBJC_MSGSEND = YES;
				GCC_C_LANGUAGE_STANDARD = gnu99;
				GCC_NO_COMMON_BLOCKS = YES;
				GCC_WARN_64_TO_32_BIT_CONVERSION = YES;
				GCC_WARN_ABOUT_RETURN_TYPE = YES_ERROR;
				GCC_WARN_UNDECLARED_SELECTOR = YES;
				GCC_WARN_UNINITIALIZED_AUTOS = YES_AGGRESSIVE;
				GCC_WARN_UNUSED_FUNCTION = YES;
				GCC_WARN_UNUSED_VARIABLE = YES;
				IPHONEOS_DEPLOYMENT_TARGET = 10.3;
				MTL_ENABLE_DEBUG_INFO = NO;
				SDKROOT = iphoneos;
				TARGETED_DEVICE_FAMILY = "1,2";
				VALIDATE_PRODUCT = YES;
			};
			name = Release;
		};
		A476AF391F983FD300942126 /* Debug */ = {
			isa = XCBuildConfiguration;
			buildSettings = {
				ASSETCATALOG_COMPILER_APPICON_NAME = AppIcon;
				"CODE_SIGN_IDENTITY[sdk=iphoneos*]" = "iPhone Developer";
				DEVELOPMENT_TEAM = W8ZBWMZ89E;
				INFOPLIST_FILE = "蓝牙技术/Info.plist";
				LD_RUNPATH_SEARCH_PATHS = "$(inherited) @executable_path/Frameworks";
				PRODUCT_BUNDLE_IDENTIFIER = "lewwei.----";
				PRODUCT_NAME = "$(TARGET_NAME)";
				PROVISIONING_PROFILE_SPECIFIER = "";
			};
			name = Debug;
		};
		A476AF3A1F983FD300942126 /* Release */ = {
			isa = XCBuildConfiguration;
			buildSettings = {
				ASSETCATALOG_COMPILER_APPICON_NAME = AppIcon;
				"CODE_SIGN_IDENTITY[sdk=iphoneos*]" = "iPhone Developer";
				DEVELOPMENT_TEAM = W8ZBWMZ89E;
				INFOPLIST_FILE = "蓝牙技术/Info.plist";
				LD_RUNPATH_SEARCH_PATHS = "$(inherited) @executable_path/Frameworks";
				PRODUCT_BUNDLE_IDENTIFIER = "lewwei.----";
				PRODUCT_NAME = "$(TARGET_NAME)";
				PROVISIONING_PROFILE_SPECIFIER = "";
			};
			name = Release;
		};
		A476AF3C1F983FD300942126 /* Debug */ = {
			isa = XCBuildConfiguration;
			buildSettings = {
				BUNDLE_LOADER = "$(TEST_HOST)";
				INFOPLIST_FILE = "蓝牙技术Tests/Info.plist";
				LD_RUNPATH_SEARCH_PATHS = "$(inherited) @executable_path/Frameworks @loader_path/Frameworks";
				PRODUCT_BUNDLE_IDENTIFIER = "lewwei.----Tests";
				PRODUCT_NAME = "$(TARGET_NAME)";
				TEST_HOST = "$(BUILT_PRODUCTS_DIR)/蓝牙技术.app/蓝牙技术";
			};
			name = Debug;
		};
		A476AF3D1F983FD300942126 /* Release */ = {
			isa = XCBuildConfiguration;
			buildSettings = {
				BUNDLE_LOADER = "$(TEST_HOST)";
				INFOPLIST_FILE = "蓝牙技术Tests/Info.plist";
				LD_RUNPATH_SEARCH_PATHS = "$(inherited) @executable_path/Frameworks @loader_path/Frameworks";
				PRODUCT_BUNDLE_IDENTIFIER = "lewwei.----Tests";
				PRODUCT_NAME = "$(TARGET_NAME)";
				TEST_HOST = "$(BUILT_PRODUCTS_DIR)/蓝牙技术.app/蓝牙技术";
			};
			name = Release;
		};
		A476AF3F1F983FD300942126 /* Debug */ = {
			isa = XCBuildConfiguration;
			buildSettings = {
				INFOPLIST_FILE = "蓝牙技术UITests/Info.plist";
				LD_RUNPATH_SEARCH_PATHS = "$(inherited) @executable_path/Frameworks @loader_path/Frameworks";
				PRODUCT_BUNDLE_IDENTIFIER = "lewwei.----UITests";
				PRODUCT_NAME = "$(TARGET_NAME)";
				TEST_TARGET_NAME = "蓝牙技术";
			};
			name = Debug;
		};
		A476AF401F983FD300942126 /* Release */ = {
			isa = XCBuildConfiguration;
			buildSettings = {
				INFOPLIST_FILE = "蓝牙技术UITests/Info.plist";
				LD_RUNPATH_SEARCH_PATHS = "$(inherited) @executable_path/Frameworks @loader_path/Frameworks";
				PRODUCT_BUNDLE_IDENTIFIER = "lewwei.----UITests";
				PRODUCT_NAME = "$(TARGET_NAME)";
				TEST_TARGET_NAME = "蓝牙技术";
			};
			name = Release;
		};
/* End XCBuildConfiguration section */

/* Begin XCConfigurationList section */
		A476AF061F983FD300942126 /* Build configuration list for PBXProject "蓝牙技术" */ = {
			isa = XCConfigurationList;
			buildConfigurations = (
				A476AF361F983FD300942126 /* Debug */,
				A476AF371F983FD300942126 /* Release */,
			);
			defaultConfigurationIsVisible = 0;
			defaultConfigurationName = Release;
		};
		A476AF381F983FD300942126 /* Build configuration list for PBXNativeTarget "蓝牙技术" */ = {
			isa = XCConfigurationList;
			buildConfigurations = (
				A476AF391F983FD300942126 /* Debug */,
				A476AF3A1F983FD300942126 /* Release */,
			);
			defaultConfigurationIsVisible = 0;
			defaultConfigurationName = Release;
		};
		A476AF3B1F983FD300942126 /* Build configuration list for PBXNativeTarget "蓝牙技术Tests" */ = {
			isa = XCConfigurationList;
			buildConfigurations = (
				A476AF3C1F983FD300942126 /* Debug */,
				A476AF3D1F983FD300942126 /* Release */,
			);
			defaultConfigurationIsVisible = 0;
			defaultConfigurationName = Release;
		};
		A476AF3E1F983FD300942126 /* Build configuration list for PBXNativeTarget "蓝牙技术UITests" */ = {
			isa = XCConfigurationList;
			buildConfigurations = (
				A476AF3F1F983FD300942126 /* Debug */,
				A476AF401F983FD300942126 /* Release */,
			);
			defaultConfigurationIsVisible = 0;
			defaultConfigurationName = Release;
		};
/* End XCConfigurationList section */
	};
	rootObject = A476AF031F983FD300942126 /* Project object */;
}
